
Microsoft Visual Studio Solution File, Format Version 12.00
# Visual Studio Version 16
VisualStudioVersion = 16.0.32901.82
MinimumVisualStudioVersion = 10.0.40219.1
Project("{FAE04EC0-301F-11D3-BF4B-00C04F79EFBC}") = "DapperTest", "DapperTest.csproj", "{5849CB92-5BC1-44E0-80DA-3E9580F99593}"
EndProject
Global
	GlobalSection(SolutionConfigurationPlatforms) = preSolution
		Debug|Any CPU = Debug|Any CPU
		Release|Any CPU = Release|Any CPU
	EndGlobalSection
	GlobalSection(ProjectConfigurationPlatforms) = postSolution
		{5849CB92-5BC1-44E0-80DA-3E9580F99593}.Debug|Any CPU.ActiveCfg = Debug|Any CPU
		{5849CB92-5BC1-44E0-80DA-3E9580F99593}.Debug|Any CPU.Build.0 = Debug|Any CPU
		{5849CB92-5BC1-44E0-80DA-3E9580F99593}.Release|Any CPU.ActiveCfg = Release|Any CPU
		{5849CB92-5BC1-44E0-80DA-3E9580F99593}.Release|Any CPU.Build.0 = Release|Any CPU
	EndGlobalSection
	GlobalSection(SolutionProperties) = preSolution
		HideSolutionNode = FALSE
	EndGlobalSection
	GlobalSection(ExtensibilityGlobals) = postSolution
		SolutionGuid = {F782A8DB-A8E2-4E8F-9D5D-4B0C4C008FBA}
	EndGlobalSection
EndGlobal
